
Microsoft Visual Studio Solution File, Format Version 12.00
# Visual Studio Version 17
VisualStudioVersion = 17.5.002.0
MinimumVisualStudioVersion = 10.0.40219.1
Project("{9A19103F-16F7-4668-BE54-9A1E7A4F7556}") = "DataAcess", "DataAcess.csproj", "{5EF59E33-F5A5-4C55-846C-12689905CD01}"
EndProject
Global
	GlobalSection(SolutionConfigurationPlatforms) = preSolution
		Debug|Any CPU = Debug|Any CPU
		Release|Any CPU = Release|Any CPU
	EndGlobalSection
	GlobalSection(ProjectConfigurationPlatforms) = postSolution
		{5EF59E33-F5A5-4C55-846C-12689905CD01}.Debug|Any CPU.ActiveCfg = Debug|Any CPU
		{5EF59E33-F5A5-4C55-846C-12689905CD01}.Debug|Any CPU.Build.0 = Debug|Any CPU
		{5EF59E33-F5A5-4C55-846C-12689905CD01}.Release|Any CPU.ActiveCfg = Release|Any CPU
		{5EF59E33-F5A5-4C55-846C-12689905CD01}.Release|Any CPU.Build.0 = Release|Any CPU
	EndGlobalSection
	GlobalSection(SolutionProperties) = preSolution
		HideSolutionNode = FALSE
	EndGlobalSection
	GlobalSection(ExtensibilityGlobals) = postSolution
		SolutionGuid = {10FA0BEE-F5A1-445C-A8F9-318AC4151E27}
	EndGlobalSection
EndGlobal
